
Microsoft Visual Studio Solution File, Format Version 12.00
# Visual Studio Version 17
VisualStudioVersion = 17.3.32825.248
MinimumVisualStudioVersion = 10.0.40219.1
Project("{FAE04EC0-301F-11D3-BF4B-00C04F79EFBC}") = "HomeWork19(Boss)", "HomeWork19(Boss)\HomeWork19(Boss).csproj", "{CDEC000F-622D-4DD8-9A45-B1F16C1F67DC}"
EndProject
Global
	GlobalSection(SolutionConfigurationPlatforms) = preSolution
		Debug|Any CPU = Debug|Any CPU
		Release|Any CPU = Release|Any CPU
	EndGlobalSection
	GlobalSection(ProjectConfigurationPlatforms) = postSolution
		{CDEC000F-622D-4DD8-9A45-B1F16C1F67DC}.Debug|Any CPU.ActiveCfg = Debug|Any CPU
		{CDEC000F-622D-4DD8-9A45-B1F16C1F67DC}.Debug|Any CPU.Build.0 = Debug|Any CPU
		{CDEC000F-622D-4DD8-9A45-B1F16C1F67DC}.Release|Any CPU.ActiveCfg = Release|Any CPU
		{CDEC000F-622D-4DD8-9A45-B1F16C1F67DC}.Release|Any CPU.Build.0 = Release|Any CPU
	EndGlobalSection
	GlobalSection(SolutionProperties) = preSolution
		HideSolutionNode = FALSE
	EndGlobalSection
	GlobalSection(ExtensibilityGlobals) = postSolution
		SolutionGuid = {3DE0775E-50D1-4846-A9C5-7D884EC389E3}
	EndGlobalSection
EndGlobal
